{
    "_readme": [
        "This file locks the dependencies of your project to a known state",
        "Read more about it at https://getcomposer.org/doc/01-basic-usage.md#installing-dependencies",
        "This file is @generated automatically"
    ],
    "content-hash": "41590ed65988229534d5b2729a05b55e",
    "packages": [
        {
            "name": "moxie-lean/loader",
            "version": "1.3.1",
            "source": {
                "type": "git",
                "url": "https://github.com/wearenolte/loader.git",
                "reference": "012d5a269366a457369deec712682dfaa3e4d311"
            },
            "dist": {
                "type": "zip",
                "url": "https://api.github.com/repos/wearenolte/loader/zipball/012d5a269366a457369deec712682dfaa3e4d311",
                "reference": "012d5a269366a457369deec712682dfaa3e4d311",
                "shasum": ""
            },
            "require": {
                "php": ">=5.4.0"
            },
            "require-dev": {
                "squizlabs/php_codesniffer": "2.*",
                "wp-coding-standards/wpcs": "0.9.0"
            },
            "type": "library",
            "autoload": {
                "psr-4": {
                    "Lean\\": "src/"
                },
                "files": [
                    "./src/config.php"
                ]
            },
            "notification-url": "https://packagist.org/downloads/",
            "license": [
                "MIT"
            ],
            "authors": [
                {
                    "name": "Crisoforo Gaspar",
                    "email": "github@crisoforo.com"
                }
            ],
            "description": "Loader for files in wordpress making things easier instead of using a require",
            "support": {
                "issues": "https://github.com/wearenolte/loader/issues",
                "source": "https://github.com/wearenolte/loader/tree/1.3.1"
            },
            "time": "2019-10-30T17:34:03+00:00"
        }
    ],
    "packages-dev": [],
    "aliases": [],
    "minimum-stability": "stable",
    "stability-flags": [],
    "prefer-stable": false,
    "prefer-lowest": false,
    "platform": {
        "php": ">=7.2 || >=8.0"
    },
    "platform-dev": [],
    "plugin-api-version": "2.1.0"
}
